
Microsoft Visual Studio Solution File, Format Version 12.00
# Visual Studio Version 17
VisualStudioVersion = 17.9.34310.174
MinimumVisualStudioVersion = 10.0.40219.1
Project("{888888A0-9F3D-457C-B088-3A5042F75D52}") = "Video_Downloader", "Video_Downloader.pyproj", "{5E005D54-013B-4D3A-8FEA-1AFFDC460EE3}"
EndProject
Global
	GlobalSection(SolutionConfigurationPlatforms) = preSolution
		Debug|Any CPU = Debug|Any CPU
		Release|Any CPU = Release|Any CPU
	EndGlobalSection
	GlobalSection(ProjectConfigurationPlatforms) = postSolution
		{5E005D54-013B-4D3A-8FEA-1AFFDC460EE3}.Debug|Any CPU.ActiveCfg = Debug|Any CPU
		{5E005D54-013B-4D3A-8FEA-1AFFDC460EE3}.Release|Any CPU.ActiveCfg = Release|Any CPU
	EndGlobalSection
	GlobalSection(SolutionProperties) = preSolution
		HideSolutionNode = FALSE
	EndGlobalSection
	GlobalSection(ExtensibilityGlobals) = postSolution
		SolutionGuid = {A7F91C4D-6C09-4320-807F-3AA414936264}
	EndGlobalSection
EndGlobal
